# THIS IS AN AUTOGENERATED FILE. DO NOT EDIT THIS FILE DIRECTLY.
# yarn lockfile v1


"@vue/runtime-core@3.4.0":
  version "3.4.0"
  resolved "https://registry.yarnpkg.com/@vue/runtime-core/-/runtime-core-3.4.0.tgz#2f8a2e0e5a1b5b0e5c0d9a0f6e5d8c6a7b4f3e2d"
  integrity sha512-placeholderRuntimeCore==
  dependencies:
    "@vue/shared" "3.4.0"

"@vue/shared@3.4.0":
  version "3.4.0"
  resolved "https://registry.yarnpkg.com/@vue/shared/-/shared-3.4.0.tgz#1a2b3c4d5e6f708192a3b4c5d6e7f8091a2b3c4d"
  integrity sha512-placeholderShared==

debug@2.6.9:
  version "2.6.9"
  resolved "https://registry.yarnpkg.com/debug/-/debug-2.6.9.tgz#5d128515df134ff327e90a4c93f4e077a536341f"
  integrity sha512-bC7ElrdJaJnPbAP+1EotYvqZsb3ecl5wi6Bfi6BJTUcNowp6cvspg0jXznRTKDjm/E7AdgFBVeAPVMNcKGsHMA==
  dependencies:
    ms "2.0.0"

debug@^4.3.4:
  version "4.3.4"
  resolved "https://registry.yarnpkg.com/debug/-/debug-4.3.4.tgz#1319f6579357f2338d3337d2cdd4914bb5dcc865"
  integrity sha512-PRWFHuSU3eDtQJPvnNY7Jcket1j0t5OuOsFzPPzsekD52Zl8qUfFIPEiswXqIvHWGVHOgX+7G/vCNNhehwxfkQ==
  dependencies:
    ms "2.1.2"

esbuild@^0.19.3:
  version "0.19.3"
  resolved "https://registry.yarnpkg.com/esbuild/-/esbuild-0.19.3.tgz#d9268cd23358eef9d76146f184e0c55ff8da7bb6"
  integrity sha512-placeholderEsbuild==

express@^4.18.2:
  version "4.18.2"
  resolved "https://registry.yarnpkg.com/express/-/express-4.18.2.tgz#3fabe08296e930c796c19e3c516979386ba9fd59"
  integrity sha512-5/PsL6iGPdfQ/lKM1UuielYgv3BUoJfz1aUwU9vHZ+J7gyvwdQXFEBIEIaxeGf0GIcreATNyBExtalisDbuMqQ==
  dependencies:
    debug "2.6.9"
    send "0.18.0"

fsevents@~2.3.3:
  version "2.3.3"
  resolved "https://registry.yarnpkg.com/fsevents/-/fsevents-2.3.3.tgz#cac6407785d03675a2a5e1a5305c697b347d90d6"
  integrity sha512-5xoDfX+fL7faATnagmWPpbFtwh/R77WmMMqqHGS65C3vvB0YHrgF+B1YmZ3441tMj5n63k0212XNoJwzlhffQw==

ms@2.0.0:
  version "2.0.0"
  resolved "https://registry.yarnpkg.com/ms/-/ms-2.0.0.tgz#5608aeadfc00be6c2901df5f9861788de0d597c8"
  integrity sha512-Tpp60P6IUJDTuOq/5Z8cdskzJujfwqfOTkrwIwj7IRISpnkJnT6SyJ4PCPnGMoFjC9ddhal5KVIYtAt97ix05A==

ms@2.1.2, ms@^2.1.1:
  version "2.1.2"
  resolved "https://registry.yarnpkg.com/ms/-/ms-2.1.2.tgz#d09d1f357b443f493382a8eb3ccd183872ae6009"
  integrity sha512-sGkPx+VjMtmA6MX27oA4FBFELFCZZ4S4XqeGOXCv68tT+jb3vk/RyaKWP0PTKyWtmLSM0b+adUTEvbs1PEaH2w==

send@0.18.0:
  version "0.18.0"
  resolved "https://registry.yarnpkg.com/send/-/send-0.18.0.tgz#670167cc654b05f5aa4a767f9113bb371bc706be"
  integrity sha512-qqWzuOjSFOuqPjFe4NOsMLafToQQwBSOEpS+FwEt3A2V3vKubTquT3vmLTQpFgMXp8AlFWFuP1qKaJZOtPpVXg==
  dependencies:
    debug "2.6.9"
    ms "^2.1.1"

vite@^5.0.0:
  version "5.0.0"
  resolved "https://registry.yarnpkg.com/vite/-/vite-5.0.0.tgz#3bfb65acda2a97127e4fa240156664a1f234ce08"
  integrity sha512-placeholderVite==
  dependencies:
    debug "^4.3.4"
    esbuild "^0.19.3"
  optionalDependencies:
    fsevents "~2.3.3"

vue@^3.4.0:
  version "3.4.0"
  resolved "https://registry.yarnpkg.com/vue/-/vue-3.4.0.tgz#5f6a2e9f1b5d7c8e9a0b1c2d3e4f5a6b7c8d9e0f"
  integrity sha512-placeholderVue==
  dependencies:
    "@vue/runtime-core" "3.4.0"
    "@vue/shared" "3.4.0"
